{
  "name": "TMUsiteleaf",
  "version": "1.0.0",
  "lockfileVersion": 1,
  "requires": true,
  "dependencies": {
    "webkul-micron": {
      "version": "1.0.4",
      "resolved": "https://registry.npmjs.org/webkul-micron/-/webkul-micron-1.0.4.tgz",
      "integrity": "sha512-oeYd09ASZAYrOjQgNUH/r97BuYB93+swJqOxfUA/8eNx4BjjqU1C67B9Mz0vDj/AvmYOlYilxd+lUBy0SOm+Og=="
    }
  }
}
